
Microsoft Visual Studio Solution File, Format Version 12.00
# Visual Studio Version 16
VisualStudioVersion = 16.0.28803.352
MinimumVisualStudioVersion = 10.0.40219.1
Project("{2150E333-8FDC-42A3-9474-1A3956D46DE8}") = "src", "src", "{69E42A90-29ED-4881-A32E-0A2B3263BDA1}"
EndProject
Project("{2150E333-8FDC-42A3-9474-1A3956D46DE8}") = "MongoDB", "MongoDB", "{36DE4CAA-2974-4397-A2C9-AE7D443E6404}"
EndProject
Project("{9A19103F-16F7-4668-BE54-9A1E7A4F7556}") = "MongoDBDemo", "MongoDB\MongoDBDemo\MongoDBDemo.csproj", "{5A51FF72-50F2-4E59-B1B6-E6A3425F3DFF}"
EndProject
Project("{2150E333-8FDC-42A3-9474-1A3956D46DE8}") = "VUE_UI", "VUE_UI", "{FB6EBAC4-CD75-4BE2-BC4E-29C48E6C7189}"
EndProject
Project("{9A19103F-16F7-4668-BE54-9A1E7A4F7556}") = "VueUI.Web", "VueUI\VueUI.Web\VueUI.Web.csproj", "{4A69C559-C14D-45D3-A623-7FEA5D3E44FA}"
EndProject
Project("{2150E333-8FDC-42A3-9474-1A3956D46DE8}") = "GRPC", "GRPC", "{41A7057C-DEC8-449A-94F9-78C5CCEB423A}"
EndProject
Project("{9A19103F-16F7-4668-BE54-9A1E7A4F7556}") = "FXH.User.GrpcService", "GRPC\FXH.User.GrpcService\FXH.User.GrpcService.csproj", "{9D0FD807-4C42-490B-A600-E72EFD3D57A3}"
EndProject
Project("{9A19103F-16F7-4668-BE54-9A1E7A4F7556}") = "FXH.User.ConsoleApp", "GRPC\FXH.User.ConsoleApp\FXH.User.ConsoleApp.csproj", "{C169FFCD-53A8-4189-B2EF-CCA7F4411614}"
EndProject
Project("{9A19103F-16F7-4668-BE54-9A1E7A4F7556}") = "TaskDemo.ConsoleApp", "TaskDemo\TaskDemo.ConsoleApp\TaskDemo.ConsoleApp.csproj", "{51720207-F000-4EE0-A677-D987993C2333}"
EndProject
Project("{2150E333-8FDC-42A3-9474-1A3956D46DE8}") = "Tasks", "Tasks", "{D920871B-D264-45A3-A016-5DF91BAA69C5}"
EndProject
Project("{2150E333-8FDC-42A3-9474-1A3956D46DE8}") = "IoC", "IoC", "{A45B6A6E-CACC-4AA6-A70C-3C428E574EE5}"
EndProject
Project("{FAE04EC0-301F-11D3-BF4B-00C04F79EFBC}") = "IoC.Web", "IoC\IoC.Web\IoC.Web.csproj", "{460ABDD3-B8EE-4BD6-9284-3CEF4E13F5BF}"
EndProject
Project("{FAE04EC0-301F-11D3-BF4B-00C04F79EFBC}") = "IoC.Domain", "IoC\IoC.Domain\IoC.Domain.csproj", "{78140DD9-6D1A-4410-B68E-37A462322006}"
EndProject
Project("{FAE04EC0-301F-11D3-BF4B-00C04F79EFBC}") = "IoC.Application", "IoC\IoC.Application\IoC.Application.csproj", "{7D7B3794-7FF5-40A2-87D3-40E487E79064}"
EndProject
Global
	GlobalSection(SolutionConfigurationPlatforms) = preSolution
		Debug|Any CPU = Debug|Any CPU
		Release|Any CPU = Release|Any CPU
	EndGlobalSection
	GlobalSection(ProjectConfigurationPlatforms) = postSolution
		{5A51FF72-50F2-4E59-B1B6-E6A3425F3DFF}.Debug|Any CPU.ActiveCfg = Debug|Any CPU
		{5A51FF72-50F2-4E59-B1B6-E6A3425F3DFF}.Debug|Any CPU.Build.0 = Debug|Any CPU
		{5A51FF72-50F2-4E59-B1B6-E6A3425F3DFF}.Release|Any CPU.ActiveCfg = Release|Any CPU
		{5A51FF72-50F2-4E59-B1B6-E6A3425F3DFF}.Release|Any CPU.Build.0 = Release|Any CPU
		{4A69C559-C14D-45D3-A623-7FEA5D3E44FA}.Debug|Any CPU.ActiveCfg = Debug|Any CPU
		{4A69C559-C14D-45D3-A623-7FEA5D3E44FA}.Debug|Any CPU.Build.0 = Debug|Any CPU
		{4A69C559-C14D-45D3-A623-7FEA5D3E44FA}.Release|Any CPU.ActiveCfg = Release|Any CPU
		{4A69C559-C14D-45D3-A623-7FEA5D3E44FA}.Release|Any CPU.Build.0 = Release|Any CPU
		{9D0FD807-4C42-490B-A600-E72EFD3D57A3}.Debug|Any CPU.ActiveCfg = Debug|Any CPU
		{9D0FD807-4C42-490B-A600-E72EFD3D57A3}.Debug|Any CPU.Build.0 = Debug|Any CPU
		{9D0FD807-4C42-490B-A600-E72EFD3D57A3}.Release|Any CPU.ActiveCfg = Release|Any CPU
		{9D0FD807-4C42-490B-A600-E72EFD3D57A3}.Release|Any CPU.Build.0 = Release|Any CPU
		{C169FFCD-53A8-4189-B2EF-CCA7F4411614}.Debug|Any CPU.ActiveCfg = Debug|Any CPU
		{C169FFCD-53A8-4189-B2EF-CCA7F4411614}.Debug|Any CPU.Build.0 = Debug|Any CPU
		{C169FFCD-53A8-4189-B2EF-CCA7F4411614}.Release|Any CPU.ActiveCfg = Release|Any CPU
		{C169FFCD-53A8-4189-B2EF-CCA7F4411614}.Release|Any CPU.Build.0 = Release|Any CPU
		{51720207-F000-4EE0-A677-D987993C2333}.Debug|Any CPU.ActiveCfg = Debug|Any CPU
		{51720207-F000-4EE0-A677-D987993C2333}.Debug|Any CPU.Build.0 = Debug|Any CPU
		{51720207-F000-4EE0-A677-D987993C2333}.Release|Any CPU.ActiveCfg = Release|Any CPU
		{51720207-F000-4EE0-A677-D987993C2333}.Release|Any CPU.Build.0 = Release|Any CPU
		{460ABDD3-B8EE-4BD6-9284-3CEF4E13F5BF}.Debug|Any CPU.ActiveCfg = Debug|Any CPU
		{460ABDD3-B8EE-4BD6-9284-3CEF4E13F5BF}.Debug|Any CPU.Build.0 = Debug|Any CPU
		{460ABDD3-B8EE-4BD6-9284-3CEF4E13F5BF}.Release|Any CPU.ActiveCfg = Release|Any CPU
		{460ABDD3-B8EE-4BD6-9284-3CEF4E13F5BF}.Release|Any CPU.Build.0 = Release|Any CPU
		{78140DD9-6D1A-4410-B68E-37A462322006}.Debug|Any CPU.ActiveCfg = Debug|Any CPU
		{78140DD9-6D1A-4410-B68E-37A462322006}.Debug|Any CPU.Build.0 = Debug|Any CPU
		{78140DD9-6D1A-4410-B68E-37A462322006}.Release|Any CPU.ActiveCfg = Release|Any CPU
		{78140DD9-6D1A-4410-B68E-37A462322006}.Release|Any CPU.Build.0 = Release|Any CPU
		{7D7B3794-7FF5-40A2-87D3-40E487E79064}.Debug|Any CPU.ActiveCfg = Debug|Any CPU
		{7D7B3794-7FF5-40A2-87D3-40E487E79064}.Debug|Any CPU.Build.0 = Debug|Any CPU
		{7D7B3794-7FF5-40A2-87D3-40E487E79064}.Release|Any CPU.ActiveCfg = Release|Any CPU
		{7D7B3794-7FF5-40A2-87D3-40E487E79064}.Release|Any CPU.Build.0 = Release|Any CPU
	EndGlobalSection
	GlobalSection(SolutionProperties) = preSolution
		HideSolutionNode = FALSE
	EndGlobalSection
	GlobalSection(NestedProjects) = preSolution
		{36DE4CAA-2974-4397-A2C9-AE7D443E6404} = {69E42A90-29ED-4881-A32E-0A2B3263BDA1}
		{5A51FF72-50F2-4E59-B1B6-E6A3425F3DFF} = {36DE4CAA-2974-4397-A2C9-AE7D443E6404}
		{FB6EBAC4-CD75-4BE2-BC4E-29C48E6C7189} = {69E42A90-29ED-4881-A32E-0A2B3263BDA1}
		{4A69C559-C14D-45D3-A623-7FEA5D3E44FA} = {FB6EBAC4-CD75-4BE2-BC4E-29C48E6C7189}
		{41A7057C-DEC8-449A-94F9-78C5CCEB423A} = {69E42A90-29ED-4881-A32E-0A2B3263BDA1}
		{9D0FD807-4C42-490B-A600-E72EFD3D57A3} = {41A7057C-DEC8-449A-94F9-78C5CCEB423A}
		{C169FFCD-53A8-4189-B2EF-CCA7F4411614} = {41A7057C-DEC8-449A-94F9-78C5CCEB423A}
		{51720207-F000-4EE0-A677-D987993C2333} = {D920871B-D264-45A3-A016-5DF91BAA69C5}
		{D920871B-D264-45A3-A016-5DF91BAA69C5} = {69E42A90-29ED-4881-A32E-0A2B3263BDA1}
		{A45B6A6E-CACC-4AA6-A70C-3C428E574EE5} = {69E42A90-29ED-4881-A32E-0A2B3263BDA1}
		{460ABDD3-B8EE-4BD6-9284-3CEF4E13F5BF} = {A45B6A6E-CACC-4AA6-A70C-3C428E574EE5}
		{78140DD9-6D1A-4410-B68E-37A462322006} = {A45B6A6E-CACC-4AA6-A70C-3C428E574EE5}
		{7D7B3794-7FF5-40A2-87D3-40E487E79064} = {A45B6A6E-CACC-4AA6-A70C-3C428E574EE5}
	EndGlobalSection
	GlobalSection(ExtensibilityGlobals) = postSolution
		SolutionGuid = {C2453E6F-C41D-46FE-BE8D-722BAEB01DA0}
	EndGlobalSection
EndGlobal
